// !$*UTF8*$!
{
	archiveVersion = 1;
	classes = {
	};
	objectVersion = 46;
	objects = {

/* Begin PBXBuildFile section */
		0A58B1AB1D389F7100DE5469 /* main.c in Sources */ = {isa = PBXBuildFile; fileRef = 0A58B1AA1D389F7100DE5469 /* main.c */; };
		0A58B1B31D389F7E00DE5469 /* SimpleHeap.c in Sources */ = {isa = PBXBuildFile; fileRef = 0A58B1B11D389F7E00DE5469 /* SimpleHeap.c */; };
		0A58B1B61D38C7A300DE5469 /* PriorityQueue.c in Sources */ = {isa = PBXBuildFile; fileRef = 0A58B1B41D38C7A300DE5469 /* PriorityQueue.c */; };
/* End PBXBuildFile section */

/* Begin PBXCopyFilesBuildPhase section */
		0A58B1A51D389F7100DE5469 /* CopyFiles */ = {
			isa = PBXCopyFilesBuildPhase;
			buildActionMask = 2147483647;
			dstPath = /usr/share/man/man1/;
			dstSubfolderSpec = 0;
			files = (
			);
			runOnlyForDeploymentPostprocessing = 1;
		};
/* End PBXCopyFilesBuildPhase section */

/* Begin PBXFileReference section */
		0A58B1A71D389F7100DE5469 /* SimpleHeap */ = {isa = PBXFileReference; explicitFileType = "compiled.mach-o.executable"; includeInIndex = 0; path = SimpleHeap; sourceTree = BUILT_PRODUCTS_DIR; };
		0A58B1AA1D389F7100DE5469 /* main.c */ = {isa = PBXFileReference; lastKnownFileType = sourcecode.c.c; path = main.c; sourceTree = "<group>"; };
		0A58B1B11D389F7E00DE5469 /* SimpleHeap.c */ = {isa = PBXFileReference; fileEncoding = 4; lastKnownFileType = sourcecode.c.c; path = SimpleHeap.c; sourceTree = "<group>"; };
		0A58B1B21D389F7E00DE5469 /* SimpleHeap.h */ = {isa = PBXFileReference; fileEncoding = 4; lastKnownFileType = sourcecode.c.h; path = SimpleHeap.h; sourceTree = "<group>"; };
		0A58B1B41D38C7A300DE5469 /* PriorityQueue.c */ = {isa = PBXFileReference; fileEncoding = 4; lastKnownFileType = sourcecode.c.c; path = PriorityQueue.c; sourceTree = "<group>"; };
		0A58B1B51D38C7A300DE5469 /* PriorityQueue.h */ = {isa = PBXFileReference; fileEncoding = 4; lastKnownFileType = sourcecode.c.h; path = PriorityQueue.h; sourceTree = "<group>"; };
/* End PBXFileReference section */

/* Begin PBXFrameworksBuildPhase section */
		0A58B1A41D389F7100DE5469 /* Frameworks */ = {
			isa = PBXFrameworksBuildPhase;
			buildActionMask = 2147483647;
			files = (
			);
			runOnlyForDeploymentPostprocessing = 0;
		};
/* End PBXFrameworksBuildPhase section */

/* Begin PBXGroup section */
		0A58B19E1D389F7100DE5469 = {
			isa = PBXGroup;
			children = (
				0A58B1A91D389F7100DE5469 /* SimpleHeap */,
				0A58B1A81D389F7100DE5469 /* Products */,
			);
			sourceTree = "<group>";
		};
		0A58B1A81D389F7100DE5469 /* Products */ = {
			isa = PBXGroup;
			children = (
				0A58B1A71D389F7100DE5469 /* SimpleHeap */,
			);
			name = Products;
			sourceTree = "<group>";
		};
		0A58B1A91D389F7100DE5469 /* SimpleHeap */ = {
			isa = PBXGroup;
			children = (
				0A58B1AA1D389F7100DE5469 /* main.c */,
				0A58B1B11D389F7E00DE5469 /* SimpleHeap.c */,
				0A58B1B21D389F7E00DE5469 /* SimpleHeap.h */,
				0A58B1B41D38C7A300DE5469 /* PriorityQueue.c */,
				0A58B1B51D38C7A300DE5469 /* PriorityQueue.h */,
			);
			path = SimpleHeap;
			sourceTree = "<group>";
		};
/* End PBXGroup section */

/* Begin PBXNativeTarget section */
		0A58B1A61D389F7100DE5469 /* SimpleHeap */ = {
			isa = PBXNativeTarget;
			buildConfigurationList = 0A58B1AE1D389F7100DE5469 /* Build configuration list for PBXNativeTarget "SimpleHeap" */;
			buildPhases = (
				0A58B1A31D389F7100DE5469 /* Sources */,
				0A58B1A41D389F7100DE5469 /* Frameworks */,
				0A58B1A51D389F7100DE5469 /* CopyFiles */,
			);
			buildRules = (
			);
			dependencies = (
			);
			name = SimpleHeap;
			productName = SimpleHeap;
			productReference = 0A58B1A71D389F7100DE5469 /* SimpleHeap */;
			productType = "com.apple.product-type.tool";
		};
/* End PBXNativeTarget section */

/* Begin PBXProject section */
		0A58B19F1D389F7100DE5469 /* Project object */ = {
			isa = PBXProject;
			attributes = {
				LastUpgradeCheck = 0730;
				ORGANIZATIONNAME = SonChangWoo;
				TargetAttributes = {
					0A58B1A61D389F7100DE5469 = {
						CreatedOnToolsVersion = 7.3.1;
					};
				};
			};
			buildConfigurationList = 0A58B1A21D389F7100DE5469 /* Build configuration list for PBXProject "SimpleHeap" */;
			compatibilityVersion = "Xcode 3.2";
			developmentRegion = English;
			hasScannedForEncodings = 0;
			knownRegions = (
				en,
			);
			mainGroup = 0A58B19E1D389F7100DE5469;
			productRefGroup = 0A58B1A81D389F7100DE5469 /* Products */;
			projectDirPath = "";
			projectRoot = "";
			targets = (
				0A58B1A61D389F7100DE5469 /* SimpleHeap */,
			);
		};
/* End PBXProject section */

/* Begin PBXSourcesBuildPhase section */
		0A58B1A31D389F7100DE5469 /* Sources */ = {
			isa = PBXSourcesBuildPhase;
			buildActionMask = 2147483647;
			files = (
				0A58B1AB1D389F7100DE5469 /* main.c in Sources */,
				0A58B1B61D38C7A300DE5469 /* PriorityQueue.c in Sources */,
				0A58B1B31D389F7E00DE5469 /* SimpleHeap.c in Sources */,
			);
			runOnlyForDeploymentPostprocessing = 0;
		};
/* End PBXSourcesBuildPhase section */

/* Begin XCBuildConfiguration section */
		0A58B1AC1D389F7100DE5469 /* Debug */ = {
			isa = XCBuildConfiguration;
			buildSettings = {
				ALWAYS_SEARCH_USER_PATHS = NO;
				CLANG_ANALYZER_NONNULL = YES;
				CLANG_CXX_LANGUAGE_STANDARD = "gnu++0x";
				CLANG_CXX_LIBRARY = "libc++";
				CLANG_ENABLE_MODULES = YES;
				CLANG_ENABLE_OBJC_ARC = YES;
				CLANG_WARN_BOOL_CONVERSION = YES;
				CLANG_WARN_CONSTANT_CONVERSION = YES;
				CLANG_WARN_DIRECT_OBJC_ISA_USAGE = YES_ERROR;
				CLANG_WARN_EMPTY_BODY = YES;
				CLANG_WARN_ENUM_CONVERSION = YES;
				CLANG_WARN_INT_CONVERSION = YES;
				CLANG_WARN_OBJC_ROOT_CLASS = YES_ERROR;
				CLANG_WARN_UNREACHABLE_CODE = YES;
				CLANG_WARN__DUPLICATE_METHOD_MATCH = YES;
				CODE_SIGN_IDENTITY = "-";
				COPY_PHASE_STRIP = NO;
				DEBUG_INFORMATION_FORMAT = dwarf;
				ENABLE_STRICT_OBJC_MSGSEND = YES;
				ENABLE_TESTABILITY = YES;
				GCC_C_LANGUAGE_STANDARD = gnu99;
				GCC_DYNAMIC_NO_PIC = NO;
				GCC_NO_COMMON_BLOCKS = YES;
				GCC_OPTIMIZATION_LEVEL = 0;
				GCC_PREPROCESSOR_DEFINITIONS = (
					"DEBUG=1",
					"$(inherited)",
				);
				GCC_WARN_64_TO_32_BIT_CONVERSION = YES;
				GCC_WARN_ABOUT_RETURN_TYPE = YES_ERROR;
				GCC_WARN_UNDECLARED_SELECTOR = YES;
				GCC_WARN_UNINITIALIZED_AUTOS = YES_AGGRESSIVE;
				GCC_WARN_UNUSED_FUNCTION = YES;
				GCC_WARN_UNUSED_VARIABLE = YES;
				MACOSX_DEPLOYMENT_TARGET = 10.11;
				MTL_ENABLE_DEBUG_INFO = YES;
				ONLY_ACTIVE_ARCH = YES;
				SDKROOT = macosx;
			};
			name = Debug;
		};
		0A58B1AD1D389F7100DE5469 /* Release */ = {
			isa = XCBuildConfiguration;
			buildSettings = {
				ALWAYS_SEARCH_USER_PATHS = NO;
				CLANG_ANALYZER_NONNULL = YES;
				CLANG_CXX_LANGUAGE_STANDARD = "gnu++0x";
				CLANG_CXX_LIBRARY = "libc++";
				CLANG_ENABLE_MODULES = YES;
				CLANG_ENABLE_OBJC_ARC = YES;
				CLANG_WARN_BOOL_CONVERSION = YES;
				CLANG_WARN_CONSTANT_CONVERSION = YES;
				CLANG_WARN_DIRECT_OBJC_ISA_USAGE = YES_ERROR;
				CLANG_WARN_EMPTY_BODY = YES;
				CLANG_WARN_ENUM_CONVERSION = YES;
				CLANG_WARN_INT_CONVERSION = YES;
				CLANG_WARN_OBJC_ROOT_CLASS = YES_ERROR;
				CLANG_WARN_UNREACHABLE_CODE = YES;
				CLANG_WARN__DUPLICATE_METHOD_MATCH = YES;
				CODE_SIGN_IDENTITY = "-";
				COPY_PHASE_STRIP = NO;
				DEBUG_INFORMATION_FORMAT = "dwarf-with-dsym";
				ENABLE_NS_ASSERTIONS = NO;
				ENABLE_STRICT_OBJC_MSGSEND = YES;
				GCC_C_LANGUAGE_STANDARD = gnu99;
				GCC_NO_COMMON_BLOCKS = YES;
				GCC_WARN_64_TO_32_BIT_CONVERSION = YES;
				GCC_WARN_ABOUT_RETURN_TYPE = YES_ERROR;
				GCC_WARN_UNDECLARED_SELECTOR = YES;
				GCC_WARN_UNINITIALIZED_AUTOS = YES_AGGRESSIVE;
				GCC_WARN_UNUSED_FUNCTION = YES;
				GCC_WARN_UNUSED_VARIABLE = YES;
				MACOSX_DEPLOYMENT_TARGET = 10.11;
				MTL_ENABLE_DEBUG_INFO = NO;
				SDKROOT = macosx;
			};
			name = Release;
		};
		0A58B1AF1D389F7100DE5469 /* Debug */ = {
			isa = XCBuildConfiguration;
			buildSettings = {
				PRODUCT_NAME = "$(TARGET_NAME)";
			};
			name = Debug;
		};
		0A58B1B01D389F7100DE5469 /* Release */ = {
			isa = XCBuildConfiguration;
			buildSettings = {
				PRODUCT_NAME = "$(TARGET_NAME)";
			};
			name = Release;
		};
/* End XCBuildConfiguration section */

/* Begin XCConfigurationList section */
		0A58B1A21D389F7100DE5469 /* Build configuration list for PBXProject "SimpleHeap" */ = {
			isa = XCConfigurationList;
			buildConfigurations = (
				0A58B1AC1D389F7100DE5469 /* Debug */,
				0A58B1AD1D389F7100DE5469 /* Release */,
			);
			defaultConfigurationIsVisible = 0;
			defaultConfigurationName = Release;
		};
		0A58B1AE1D389F7100DE5469 /* Build configuration list for PBXNativeTarget "SimpleHeap" */ = {
			isa = XCConfigurationList;
			buildConfigurations = (
				0A58B1AF1D389F7100DE5469 /* Debug */,
				0A58B1B01D389F7100DE5469 /* Release */,
			);
			defaultConfigurationIsVisible = 0;
		};
/* End XCConfigurationList section */
	};
	rootObject = 0A58B19F1D389F7100DE5469 /* Project object */;
}
