// !$*UTF8*$!
{
	archiveVersion = 1;
	classes = {
	};
	objectVersion = 46;
	objects = {

/* Begin PBXBuildFile section */
		0AF754E21D3BA28700DDBBD5 /* main.c in Sources */ = {isa = PBXBuildFile; fileRef = 0AF754E11D3BA28700DDBBD5 /* main.c */; };
		0AF754EA1D3BA2C900DDBBD5 /* SimpleHeap.c in Sources */ = {isa = PBXBuildFile; fileRef = 0AF754E81D3BA2C900DDBBD5 /* SimpleHeap.c */; };
/* End PBXBuildFile section */

/* Begin PBXCopyFilesBuildPhase section */
		0AF754DC1D3BA28700DDBBD5 /* CopyFiles */ = {
			isa = PBXCopyFilesBuildPhase;
			buildActionMask = 2147483647;
			dstPath = /usr/share/man/man1/;
			dstSubfolderSpec = 0;
			files = (
			);
			runOnlyForDeploymentPostprocessing = 1;
		};
/* End PBXCopyFilesBuildPhase section */

/* Begin PBXFileReference section */
		0AF754DE1D3BA28700DDBBD5 /* HeapSort */ = {isa = PBXFileReference; explicitFileType = "compiled.mach-o.executable"; includeInIndex = 0; path = HeapSort; sourceTree = BUILT_PRODUCTS_DIR; };
		0AF754E11D3BA28700DDBBD5 /* main.c */ = {isa = PBXFileReference; lastKnownFileType = sourcecode.c.c; path = main.c; sourceTree = "<group>"; };
		0AF754E81D3BA2C900DDBBD5 /* SimpleHeap.c */ = {isa = PBXFileReference; fileEncoding = 4; lastKnownFileType = sourcecode.c.c; path = SimpleHeap.c; sourceTree = "<group>"; };
		0AF754E91D3BA2C900DDBBD5 /* SimpleHeap.h */ = {isa = PBXFileReference; fileEncoding = 4; lastKnownFileType = sourcecode.c.h; path = SimpleHeap.h; sourceTree = "<group>"; };
/* End PBXFileReference section */

/* Begin PBXFrameworksBuildPhase section */
		0AF754DB1D3BA28700DDBBD5 /* Frameworks */ = {
			isa = PBXFrameworksBuildPhase;
			buildActionMask = 2147483647;
			files = (
			);
			runOnlyForDeploymentPostprocessing = 0;
		};
/* End PBXFrameworksBuildPhase section */

/* Begin PBXGroup section */
		0AF754D51D3BA28700DDBBD5 = {
			isa = PBXGroup;
			children = (
				0AF754E01D3BA28700DDBBD5 /* HeapSort */,
				0AF754DF1D3BA28700DDBBD5 /* Products */,
			);
			sourceTree = "<group>";
		};
		0AF754DF1D3BA28700DDBBD5 /* Products */ = {
			isa = PBXGroup;
			children = (
				0AF754DE1D3BA28700DDBBD5 /* HeapSort */,
			);
			name = Products;
			sourceTree = "<group>";
		};
		0AF754E01D3BA28700DDBBD5 /* HeapSort */ = {
			isa = PBXGroup;
			children = (
				0AF754E81D3BA2C900DDBBD5 /* SimpleHeap.c */,
				0AF754E91D3BA2C900DDBBD5 /* SimpleHeap.h */,
				0AF754E11D3BA28700DDBBD5 /* main.c */,
			);
			path = HeapSort;
			sourceTree = "<group>";
		};
/* End PBXGroup section */

/* Begin PBXNativeTarget section */
		0AF754DD1D3BA28700DDBBD5 /* HeapSort */ = {
			isa = PBXNativeTarget;
			buildConfigurationList = 0AF754E51D3BA28700DDBBD5 /* Build configuration list for PBXNativeTarget "HeapSort" */;
			buildPhases = (
				0AF754DA1D3BA28700DDBBD5 /* Sources */,
				0AF754DB1D3BA28700DDBBD5 /* Frameworks */,
				0AF754DC1D3BA28700DDBBD5 /* CopyFiles */,
			);
			buildRules = (
			);
			dependencies = (
			);
			name = HeapSort;
			productName = HeapSort;
			productReference = 0AF754DE1D3BA28700DDBBD5 /* HeapSort */;
			productType = "com.apple.product-type.tool";
		};
/* End PBXNativeTarget section */

/* Begin PBXProject section */
		0AF754D61D3BA28700DDBBD5 /* Project object */ = {
			isa = PBXProject;
			attributes = {
				LastUpgradeCheck = 0730;
				ORGANIZATIONNAME = SonChangWoo;
				TargetAttributes = {
					0AF754DD1D3BA28700DDBBD5 = {
						CreatedOnToolsVersion = 7.3.1;
					};
				};
			};
			buildConfigurationList = 0AF754D91D3BA28700DDBBD5 /* Build configuration list for PBXProject "HeapSort" */;
			compatibilityVersion = "Xcode 3.2";
			developmentRegion = English;
			hasScannedForEncodings = 0;
			knownRegions = (
				en,
			);
			mainGroup = 0AF754D51D3BA28700DDBBD5;
			productRefGroup = 0AF754DF1D3BA28700DDBBD5 /* Products */;
			projectDirPath = "";
			projectRoot = "";
			targets = (
				0AF754DD1D3BA28700DDBBD5 /* HeapSort */,
			);
		};
/* End PBXProject section */

/* Begin PBXSourcesBuildPhase section */
		0AF754DA1D3BA28700DDBBD5 /* Sources */ = {
			isa = PBXSourcesBuildPhase;
			buildActionMask = 2147483647;
			files = (
				0AF754E21D3BA28700DDBBD5 /* main.c in Sources */,
				0AF754EA1D3BA2C900DDBBD5 /* SimpleHeap.c in Sources */,
			);
			runOnlyForDeploymentPostprocessing = 0;
		};
/* End PBXSourcesBuildPhase section */

/* Begin XCBuildConfiguration section */
		0AF754E31D3BA28700DDBBD5 /* Debug */ = {
			isa = XCBuildConfiguration;
			buildSettings = {
				ALWAYS_SEARCH_USER_PATHS = NO;
				CLANG_ANALYZER_NONNULL = YES;
				CLANG_CXX_LANGUAGE_STANDARD = "gnu++0x";
				CLANG_CXX_LIBRARY = "libc++";
				CLANG_ENABLE_MODULES = YES;
				CLANG_ENABLE_OBJC_ARC = YES;
				CLANG_WARN_BOOL_CONVERSION = YES;
				CLANG_WARN_CONSTANT_CONVERSION = YES;
				CLANG_WARN_DIRECT_OBJC_ISA_USAGE = YES_ERROR;
				CLANG_WARN_EMPTY_BODY = YES;
				CLANG_WARN_ENUM_CONVERSION = YES;
				CLANG_WARN_INT_CONVERSION = YES;
				CLANG_WARN_OBJC_ROOT_CLASS = YES_ERROR;
				CLANG_WARN_UNREACHABLE_CODE = YES;
				CLANG_WARN__DUPLICATE_METHOD_MATCH = YES;
				CODE_SIGN_IDENTITY = "-";
				COPY_PHASE_STRIP = NO;
				DEBUG_INFORMATION_FORMAT = dwarf;
				ENABLE_STRICT_OBJC_MSGSEND = YES;
				ENABLE_TESTABILITY = YES;
				GCC_C_LANGUAGE_STANDARD = gnu99;
				GCC_DYNAMIC_NO_PIC = NO;
				GCC_NO_COMMON_BLOCKS = YES;
				GCC_OPTIMIZATION_LEVEL = 0;
				GCC_PREPROCESSOR_DEFINITIONS = (
					"DEBUG=1",
					"$(inherited)",
				);
				GCC_WARN_64_TO_32_BIT_CONVERSION = YES;
				GCC_WARN_ABOUT_RETURN_TYPE = YES_ERROR;
				GCC_WARN_UNDECLARED_SELECTOR = YES;
				GCC_WARN_UNINITIALIZED_AUTOS = YES_AGGRESSIVE;
				GCC_WARN_UNUSED_FUNCTION = YES;
				GCC_WARN_UNUSED_VARIABLE = YES;
				MACOSX_DEPLOYMENT_TARGET = 10.11;
				MTL_ENABLE_DEBUG_INFO = YES;
				ONLY_ACTIVE_ARCH = YES;
				SDKROOT = macosx;
			};
			name = Debug;
		};
		0AF754E41D3BA28700DDBBD5 /* Release */ = {
			isa = XCBuildConfiguration;
			buildSettings = {
				ALWAYS_SEARCH_USER_PATHS = NO;
				CLANG_ANALYZER_NONNULL = YES;
				CLANG_CXX_LANGUAGE_STANDARD = "gnu++0x";
				CLANG_CXX_LIBRARY = "libc++";
				CLANG_ENABLE_MODULES = YES;
				CLANG_ENABLE_OBJC_ARC = YES;
				CLANG_WARN_BOOL_CONVERSION = YES;
				CLANG_WARN_CONSTANT_CONVERSION = YES;
				CLANG_WARN_DIRECT_OBJC_ISA_USAGE = YES_ERROR;
				CLANG_WARN_EMPTY_BODY = YES;
				CLANG_WARN_ENUM_CONVERSION = YES;
				CLANG_WARN_INT_CONVERSION = YES;
				CLANG_WARN_OBJC_ROOT_CLASS = YES_ERROR;
				CLANG_WARN_UNREACHABLE_CODE = YES;
				CLANG_WARN__DUPLICATE_METHOD_MATCH = YES;
				CODE_SIGN_IDENTITY = "-";
				COPY_PHASE_STRIP = NO;
				DEBUG_INFORMATION_FORMAT = "dwarf-with-dsym";
				ENABLE_NS_ASSERTIONS = NO;
				ENABLE_STRICT_OBJC_MSGSEND = YES;
				GCC_C_LANGUAGE_STANDARD = gnu99;
				GCC_NO_COMMON_BLOCKS = YES;
				GCC_WARN_64_TO_32_BIT_CONVERSION = YES;
				GCC_WARN_ABOUT_RETURN_TYPE = YES_ERROR;
				GCC_WARN_UNDECLARED_SELECTOR = YES;
				GCC_WARN_UNINITIALIZED_AUTOS = YES_AGGRESSIVE;
				GCC_WARN_UNUSED_FUNCTION = YES;
				GCC_WARN_UNUSED_VARIABLE = YES;
				MACOSX_DEPLOYMENT_TARGET = 10.11;
				MTL_ENABLE_DEBUG_INFO = NO;
				SDKROOT = macosx;
			};
			name = Release;
		};
		0AF754E61D3BA28700DDBBD5 /* Debug */ = {
			isa = XCBuildConfiguration;
			buildSettings = {
				PRODUCT_NAME = "$(TARGET_NAME)";
			};
			name = Debug;
		};
		0AF754E71D3BA28700DDBBD5 /* Release */ = {
			isa = XCBuildConfiguration;
			buildSettings = {
				PRODUCT_NAME = "$(TARGET_NAME)";
			};
			name = Release;
		};
/* End XCBuildConfiguration section */

/* Begin XCConfigurationList section */
		0AF754D91D3BA28700DDBBD5 /* Build configuration list for PBXProject "HeapSort" */ = {
			isa = XCConfigurationList;
			buildConfigurations = (
				0AF754E31D3BA28700DDBBD5 /* Debug */,
				0AF754E41D3BA28700DDBBD5 /* Release */,
			);
			defaultConfigurationIsVisible = 0;
			defaultConfigurationName = Release;
		};
		0AF754E51D3BA28700DDBBD5 /* Build configuration list for PBXNativeTarget "HeapSort" */ = {
			isa = XCConfigurationList;
			buildConfigurations = (
				0AF754E61D3BA28700DDBBD5 /* Debug */,
				0AF754E71D3BA28700DDBBD5 /* Release */,
			);
			defaultConfigurationIsVisible = 0;
		};
/* End XCConfigurationList section */
	};
	rootObject = 0AF754D61D3BA28700DDBBD5 /* Project object */;
}
