// !$*UTF8*$!
{
	archiveVersion = 1;
	classes = {
	};
	objectVersion = 46;
	objects = {

/* Begin PBXBuildFile section */
		0ABCBFD31D3F96C200537B6D /* main.c in Sources */ = {isa = PBXBuildFile; fileRef = 0ABCBFD21D3F96C200537B6D /* main.c */; };
		0ABCBFDB1D3F96CD00537B6D /* Person.c in Sources */ = {isa = PBXBuildFile; fileRef = 0ABCBFD91D3F96CD00537B6D /* Person.c */; };
		0ABCBFE11D3F994D00537B6D /* Table.c in Sources */ = {isa = PBXBuildFile; fileRef = 0ABCBFDF1D3F994D00537B6D /* Table.c */; };
/* End PBXBuildFile section */

/* Begin PBXCopyFilesBuildPhase section */
		0ABCBFCD1D3F96C200537B6D /* CopyFiles */ = {
			isa = PBXCopyFilesBuildPhase;
			buildActionMask = 2147483647;
			dstPath = /usr/share/man/man1/;
			dstSubfolderSpec = 0;
			files = (
			);
			runOnlyForDeploymentPostprocessing = 1;
		};
/* End PBXCopyFilesBuildPhase section */

/* Begin PBXFileReference section */
		0ABCBFCF1D3F96C200537B6D /* SimpleHashTable */ = {isa = PBXFileReference; explicitFileType = "compiled.mach-o.executable"; includeInIndex = 0; path = SimpleHashTable; sourceTree = BUILT_PRODUCTS_DIR; };
		0ABCBFD21D3F96C200537B6D /* main.c */ = {isa = PBXFileReference; lastKnownFileType = sourcecode.c.c; path = main.c; sourceTree = "<group>"; };
		0ABCBFD91D3F96CD00537B6D /* Person.c */ = {isa = PBXFileReference; fileEncoding = 4; lastKnownFileType = sourcecode.c.c; path = Person.c; sourceTree = "<group>"; };
		0ABCBFDA1D3F96CD00537B6D /* Person.h */ = {isa = PBXFileReference; fileEncoding = 4; lastKnownFileType = sourcecode.c.h; path = Person.h; sourceTree = "<group>"; };
		0ABCBFDD1D3F98CC00537B6D /* Slot.h */ = {isa = PBXFileReference; fileEncoding = 4; lastKnownFileType = sourcecode.c.h; path = Slot.h; sourceTree = "<group>"; };
		0ABCBFDF1D3F994D00537B6D /* Table.c */ = {isa = PBXFileReference; fileEncoding = 4; lastKnownFileType = sourcecode.c.c; path = Table.c; sourceTree = "<group>"; };
		0ABCBFE01D3F994D00537B6D /* Table.h */ = {isa = PBXFileReference; fileEncoding = 4; lastKnownFileType = sourcecode.c.h; path = Table.h; sourceTree = "<group>"; };
/* End PBXFileReference section */

/* Begin PBXFrameworksBuildPhase section */
		0ABCBFCC1D3F96C200537B6D /* Frameworks */ = {
			isa = PBXFrameworksBuildPhase;
			buildActionMask = 2147483647;
			files = (
			);
			runOnlyForDeploymentPostprocessing = 0;
		};
/* End PBXFrameworksBuildPhase section */

/* Begin PBXGroup section */
		0ABCBFC61D3F96C200537B6D = {
			isa = PBXGroup;
			children = (
				0ABCBFD11D3F96C200537B6D /* SimpleHashTable */,
				0ABCBFD01D3F96C200537B6D /* Products */,
			);
			sourceTree = "<group>";
		};
		0ABCBFD01D3F96C200537B6D /* Products */ = {
			isa = PBXGroup;
			children = (
				0ABCBFCF1D3F96C200537B6D /* SimpleHashTable */,
			);
			name = Products;
			sourceTree = "<group>";
		};
		0ABCBFD11D3F96C200537B6D /* SimpleHashTable */ = {
			isa = PBXGroup;
			children = (
				0ABCBFD21D3F96C200537B6D /* main.c */,
				0ABCBFD91D3F96CD00537B6D /* Person.c */,
				0ABCBFDA1D3F96CD00537B6D /* Person.h */,
				0ABCBFDD1D3F98CC00537B6D /* Slot.h */,
				0ABCBFDF1D3F994D00537B6D /* Table.c */,
				0ABCBFE01D3F994D00537B6D /* Table.h */,
			);
			path = SimpleHashTable;
			sourceTree = "<group>";
		};
/* End PBXGroup section */

/* Begin PBXNativeTarget section */
		0ABCBFCE1D3F96C200537B6D /* SimpleHashTable */ = {
			isa = PBXNativeTarget;
			buildConfigurationList = 0ABCBFD61D3F96C200537B6D /* Build configuration list for PBXNativeTarget "SimpleHashTable" */;
			buildPhases = (
				0ABCBFCB1D3F96C200537B6D /* Sources */,
				0ABCBFCC1D3F96C200537B6D /* Frameworks */,
				0ABCBFCD1D3F96C200537B6D /* CopyFiles */,
			);
			buildRules = (
			);
			dependencies = (
			);
			name = SimpleHashTable;
			productName = SimpleHashTable;
			productReference = 0ABCBFCF1D3F96C200537B6D /* SimpleHashTable */;
			productType = "com.apple.product-type.tool";
		};
/* End PBXNativeTarget section */

/* Begin PBXProject section */
		0ABCBFC71D3F96C200537B6D /* Project object */ = {
			isa = PBXProject;
			attributes = {
				LastUpgradeCheck = 0730;
				ORGANIZATIONNAME = SonChangWoo;
				TargetAttributes = {
					0ABCBFCE1D3F96C200537B6D = {
						CreatedOnToolsVersion = 7.3.1;
					};
				};
			};
			buildConfigurationList = 0ABCBFCA1D3F96C200537B6D /* Build configuration list for PBXProject "SimpleHashTable" */;
			compatibilityVersion = "Xcode 3.2";
			developmentRegion = English;
			hasScannedForEncodings = 0;
			knownRegions = (
				en,
			);
			mainGroup = 0ABCBFC61D3F96C200537B6D;
			productRefGroup = 0ABCBFD01D3F96C200537B6D /* Products */;
			projectDirPath = "";
			projectRoot = "";
			targets = (
				0ABCBFCE1D3F96C200537B6D /* SimpleHashTable */,
			);
		};
/* End PBXProject section */

/* Begin PBXSourcesBuildPhase section */
		0ABCBFCB1D3F96C200537B6D /* Sources */ = {
			isa = PBXSourcesBuildPhase;
			buildActionMask = 2147483647;
			files = (
				0ABCBFE11D3F994D00537B6D /* Table.c in Sources */,
				0ABCBFDB1D3F96CD00537B6D /* Person.c in Sources */,
				0ABCBFD31D3F96C200537B6D /* main.c in Sources */,
			);
			runOnlyForDeploymentPostprocessing = 0;
		};
/* End PBXSourcesBuildPhase section */

/* Begin XCBuildConfiguration section */
		0ABCBFD41D3F96C200537B6D /* Debug */ = {
			isa = XCBuildConfiguration;
			buildSettings = {
				ALWAYS_SEARCH_USER_PATHS = NO;
				CLANG_ANALYZER_NONNULL = YES;
				CLANG_CXX_LANGUAGE_STANDARD = "gnu++0x";
				CLANG_CXX_LIBRARY = "libc++";
				CLANG_ENABLE_MODULES = YES;
				CLANG_ENABLE_OBJC_ARC = YES;
				CLANG_WARN_BOOL_CONVERSION = YES;
				CLANG_WARN_CONSTANT_CONVERSION = YES;
				CLANG_WARN_DIRECT_OBJC_ISA_USAGE = YES_ERROR;
				CLANG_WARN_EMPTY_BODY = YES;
				CLANG_WARN_ENUM_CONVERSION = YES;
				CLANG_WARN_INT_CONVERSION = YES;
				CLANG_WARN_OBJC_ROOT_CLASS = YES_ERROR;
				CLANG_WARN_UNREACHABLE_CODE = YES;
				CLANG_WARN__DUPLICATE_METHOD_MATCH = YES;
				CODE_SIGN_IDENTITY = "-";
				COPY_PHASE_STRIP = NO;
				DEBUG_INFORMATION_FORMAT = dwarf;
				ENABLE_STRICT_OBJC_MSGSEND = YES;
				ENABLE_TESTABILITY = YES;
				GCC_C_LANGUAGE_STANDARD = gnu99;
				GCC_DYNAMIC_NO_PIC = NO;
				GCC_NO_COMMON_BLOCKS = YES;
				GCC_OPTIMIZATION_LEVEL = 0;
				GCC_PREPROCESSOR_DEFINITIONS = (
					"DEBUG=1",
					"$(inherited)",
				);
				GCC_WARN_64_TO_32_BIT_CONVERSION = YES;
				GCC_WARN_ABOUT_RETURN_TYPE = YES_ERROR;
				GCC_WARN_UNDECLARED_SELECTOR = YES;
				GCC_WARN_UNINITIALIZED_AUTOS = YES_AGGRESSIVE;
				GCC_WARN_UNUSED_FUNCTION = YES;
				GCC_WARN_UNUSED_VARIABLE = YES;
				MACOSX_DEPLOYMENT_TARGET = 10.11;
				MTL_ENABLE_DEBUG_INFO = YES;
				ONLY_ACTIVE_ARCH = YES;
				SDKROOT = macosx;
			};
			name = Debug;
		};
		0ABCBFD51D3F96C200537B6D /* Release */ = {
			isa = XCBuildConfiguration;
			buildSettings = {
				ALWAYS_SEARCH_USER_PATHS = NO;
				CLANG_ANALYZER_NONNULL = YES;
				CLANG_CXX_LANGUAGE_STANDARD = "gnu++0x";
				CLANG_CXX_LIBRARY = "libc++";
				CLANG_ENABLE_MODULES = YES;
				CLANG_ENABLE_OBJC_ARC = YES;
				CLANG_WARN_BOOL_CONVERSION = YES;
				CLANG_WARN_CONSTANT_CONVERSION = YES;
				CLANG_WARN_DIRECT_OBJC_ISA_USAGE = YES_ERROR;
				CLANG_WARN_EMPTY_BODY = YES;
				CLANG_WARN_ENUM_CONVERSION = YES;
				CLANG_WARN_INT_CONVERSION = YES;
				CLANG_WARN_OBJC_ROOT_CLASS = YES_ERROR;
				CLANG_WARN_UNREACHABLE_CODE = YES;
				CLANG_WARN__DUPLICATE_METHOD_MATCH = YES;
				CODE_SIGN_IDENTITY = "-";
				COPY_PHASE_STRIP = NO;
				DEBUG_INFORMATION_FORMAT = "dwarf-with-dsym";
				ENABLE_NS_ASSERTIONS = NO;
				ENABLE_STRICT_OBJC_MSGSEND = YES;
				GCC_C_LANGUAGE_STANDARD = gnu99;
				GCC_NO_COMMON_BLOCKS = YES;
				GCC_WARN_64_TO_32_BIT_CONVERSION = YES;
				GCC_WARN_ABOUT_RETURN_TYPE = YES_ERROR;
				GCC_WARN_UNDECLARED_SELECTOR = YES;
				GCC_WARN_UNINITIALIZED_AUTOS = YES_AGGRESSIVE;
				GCC_WARN_UNUSED_FUNCTION = YES;
				GCC_WARN_UNUSED_VARIABLE = YES;
				MACOSX_DEPLOYMENT_TARGET = 10.11;
				MTL_ENABLE_DEBUG_INFO = NO;
				SDKROOT = macosx;
			};
			name = Release;
		};
		0ABCBFD71D3F96C200537B6D /* Debug */ = {
			isa = XCBuildConfiguration;
			buildSettings = {
				PRODUCT_NAME = "$(TARGET_NAME)";
			};
			name = Debug;
		};
		0ABCBFD81D3F96C200537B6D /* Release */ = {
			isa = XCBuildConfiguration;
			buildSettings = {
				PRODUCT_NAME = "$(TARGET_NAME)";
			};
			name = Release;
		};
/* End XCBuildConfiguration section */

/* Begin XCConfigurationList section */
		0ABCBFCA1D3F96C200537B6D /* Build configuration list for PBXProject "SimpleHashTable" */ = {
			isa = XCConfigurationList;
			buildConfigurations = (
				0ABCBFD41D3F96C200537B6D /* Debug */,
				0ABCBFD51D3F96C200537B6D /* Release */,
			);
			defaultConfigurationIsVisible = 0;
			defaultConfigurationName = Release;
		};
		0ABCBFD61D3F96C200537B6D /* Build configuration list for PBXNativeTarget "SimpleHashTable" */ = {
			isa = XCConfigurationList;
			buildConfigurations = (
				0ABCBFD71D3F96C200537B6D /* Debug */,
				0ABCBFD81D3F96C200537B6D /* Release */,
			);
			defaultConfigurationIsVisible = 0;
		};
/* End XCConfigurationList section */
	};
	rootObject = 0ABCBFC71D3F96C200537B6D /* Project object */;
}
